
Microsoft Visual Studio Solution File, Format Version 12.00
# Visual Studio Version 16
VisualStudioVersion = 16.0.30204.135
MinimumVisualStudioVersion = 10.0.40219.1
Project("{FAE04EC0-301F-11D3-BF4B-00C04F79EFBC}") = "StringCalculator", "StringCalculator\StringCalculator.csproj", "{080DD390-312A-4EA2-AA8D-6D50AA32FAB9}"
EndProject
Project("{FAE04EC0-301F-11D3-BF4B-00C04F79EFBC}") = "TestStringCalculator", "TestStringCalculator\TestStringCalculator.csproj", "{A19E0DEC-FA7D-4D64-9317-F9680246969C}"
EndProject
Global
	GlobalSection(SolutionConfigurationPlatforms) = preSolution
		Debug|Any CPU = Debug|Any CPU
		Release|Any CPU = Release|Any CPU
	EndGlobalSection
	GlobalSection(ProjectConfigurationPlatforms) = postSolution
		{080DD390-312A-4EA2-AA8D-6D50AA32FAB9}.Debug|Any CPU.ActiveCfg = Debug|Any CPU
		{080DD390-312A-4EA2-AA8D-6D50AA32FAB9}.Debug|Any CPU.Build.0 = Debug|Any CPU
		{080DD390-312A-4EA2-AA8D-6D50AA32FAB9}.Release|Any CPU.ActiveCfg = Release|Any CPU
		{080DD390-312A-4EA2-AA8D-6D50AA32FAB9}.Release|Any CPU.Build.0 = Release|Any CPU
		{A19E0DEC-FA7D-4D64-9317-F9680246969C}.Debug|Any CPU.ActiveCfg = Debug|Any CPU
		{A19E0DEC-FA7D-4D64-9317-F9680246969C}.Debug|Any CPU.Build.0 = Debug|Any CPU
		{A19E0DEC-FA7D-4D64-9317-F9680246969C}.Release|Any CPU.ActiveCfg = Release|Any CPU
		{A19E0DEC-FA7D-4D64-9317-F9680246969C}.Release|Any CPU.Build.0 = Release|Any CPU
	EndGlobalSection
	GlobalSection(SolutionProperties) = preSolution
		HideSolutionNode = FALSE
	EndGlobalSection
	GlobalSection(ExtensibilityGlobals) = postSolution
		SolutionGuid = {8E85481F-F55C-4DD9-96D9-9FFEF456780D}
	EndGlobalSection
EndGlobal
