
Microsoft Visual Studio Solution File, Format Version 12.00
# Visual Studio Version 16
VisualStudioVersion = 16.0.30204.135
MinimumVisualStudioVersion = 10.0.40219.1
Project("{FAE04EC0-301F-11D3-BF4B-00C04F79EFBC}") = "LeapYear", "LeapYear\LeapYear.csproj", "{A2B78B95-C152-42D7-8657-1CA93C32372E}"
EndProject
Project("{FAE04EC0-301F-11D3-BF4B-00C04F79EFBC}") = "TestLeapYear", "TestLeapYear\TestLeapYear.csproj", "{C1ABBDA4-1415-43B7-B6CB-4D9FF9B28889}"
EndProject
Global
	GlobalSection(SolutionConfigurationPlatforms) = preSolution
		Debug|Any CPU = Debug|Any CPU
		Release|Any CPU = Release|Any CPU
	EndGlobalSection
	GlobalSection(ProjectConfigurationPlatforms) = postSolution
		{A2B78B95-C152-42D7-8657-1CA93C32372E}.Debug|Any CPU.ActiveCfg = Debug|Any CPU
		{A2B78B95-C152-42D7-8657-1CA93C32372E}.Debug|Any CPU.Build.0 = Debug|Any CPU
		{A2B78B95-C152-42D7-8657-1CA93C32372E}.Release|Any CPU.ActiveCfg = Release|Any CPU
		{A2B78B95-C152-42D7-8657-1CA93C32372E}.Release|Any CPU.Build.0 = Release|Any CPU
		{C1ABBDA4-1415-43B7-B6CB-4D9FF9B28889}.Debug|Any CPU.ActiveCfg = Debug|Any CPU
		{C1ABBDA4-1415-43B7-B6CB-4D9FF9B28889}.Debug|Any CPU.Build.0 = Debug|Any CPU
		{C1ABBDA4-1415-43B7-B6CB-4D9FF9B28889}.Release|Any CPU.ActiveCfg = Release|Any CPU
		{C1ABBDA4-1415-43B7-B6CB-4D9FF9B28889}.Release|Any CPU.Build.0 = Release|Any CPU
	EndGlobalSection
	GlobalSection(SolutionProperties) = preSolution
		HideSolutionNode = FALSE
	EndGlobalSection
	GlobalSection(ExtensibilityGlobals) = postSolution
		SolutionGuid = {6E98E26E-EADB-474C-A7B3-9F5B55E5D92E}
	EndGlobalSection
EndGlobal
